
Microsoft Visual Studio Solution File, Format Version 12.00
# Visual Studio Version 17
VisualStudioVersion = 17.12.35527.113 d17.12
MinimumVisualStudioVersion = 10.0.40219.1
Project("{FAE04EC0-301F-11D3-BF4B-00C04F79EFBC}") = "CustomersAPI", "CustomersAPI\CustomersAPI.csproj", "{C87734A4-BAAA-4219-B5D2-3EEC0F46F31F}"
EndProject
Project("{FAE04EC0-301F-11D3-BF4B-00C04F79EFBC}") = "ConsoleClient", "ConsoleClient\ConsoleClient.csproj", "{6CB6DB75-C451-4728-8918-3E9D6FF228B0}"
EndProject
Project("{FAE04EC0-301F-11D3-BF4B-00C04F79EFBC}") = "CapgAppLibrary", "CapgAppLibrary\CapgAppLibrary.csproj", "{B0108364-F0D5-48D6-B0B1-0C76D9D31B72}"
EndProject
Project("{FAE04EC0-301F-11D3-BF4B-00C04F79EFBC}") = "AuthenticationService", "AuthenticationService\AuthenticationService.csproj", "{E08AB446-BECF-4649-B6ED-7B98DAE000CD}"
EndProject
Global
	GlobalSection(SolutionConfigurationPlatforms) = preSolution
		Debug|Any CPU = Debug|Any CPU
		Release|Any CPU = Release|Any CPU
	EndGlobalSection
	GlobalSection(ProjectConfigurationPlatforms) = postSolution
		{C87734A4-BAAA-4219-B5D2-3EEC0F46F31F}.Debug|Any CPU.ActiveCfg = Debug|Any CPU
		{C87734A4-BAAA-4219-B5D2-3EEC0F46F31F}.Debug|Any CPU.Build.0 = Debug|Any CPU
		{C87734A4-BAAA-4219-B5D2-3EEC0F46F31F}.Release|Any CPU.ActiveCfg = Release|Any CPU
		{C87734A4-BAAA-4219-B5D2-3EEC0F46F31F}.Release|Any CPU.Build.0 = Release|Any CPU
		{6CB6DB75-C451-4728-8918-3E9D6FF228B0}.Debug|Any CPU.ActiveCfg = Debug|Any CPU
		{6CB6DB75-C451-4728-8918-3E9D6FF228B0}.Debug|Any CPU.Build.0 = Debug|Any CPU
		{6CB6DB75-C451-4728-8918-3E9D6FF228B0}.Release|Any CPU.ActiveCfg = Release|Any CPU
		{6CB6DB75-C451-4728-8918-3E9D6FF228B0}.Release|Any CPU.Build.0 = Release|Any CPU
		{B0108364-F0D5-48D6-B0B1-0C76D9D31B72}.Debug|Any CPU.ActiveCfg = Debug|Any CPU
		{B0108364-F0D5-48D6-B0B1-0C76D9D31B72}.Debug|Any CPU.Build.0 = Debug|Any CPU
		{B0108364-F0D5-48D6-B0B1-0C76D9D31B72}.Release|Any CPU.ActiveCfg = Release|Any CPU
		{B0108364-F0D5-48D6-B0B1-0C76D9D31B72}.Release|Any CPU.Build.0 = Release|Any CPU
		{E08AB446-BECF-4649-B6ED-7B98DAE000CD}.Debug|Any CPU.ActiveCfg = Debug|Any CPU
		{E08AB446-BECF-4649-B6ED-7B98DAE000CD}.Debug|Any CPU.Build.0 = Debug|Any CPU
		{E08AB446-BECF-4649-B6ED-7B98DAE000CD}.Release|Any CPU.ActiveCfg = Release|Any CPU
		{E08AB446-BECF-4649-B6ED-7B98DAE000CD}.Release|Any CPU.Build.0 = Release|Any CPU
	EndGlobalSection
	GlobalSection(SolutionProperties) = preSolution
		HideSolutionNode = FALSE
	EndGlobalSection
EndGlobal
